// !$*UTF8*$!
{
	archiveVersion = 1;
	classes = {
	};
	objectVersion = 46;
	objects = {

/* Begin PBXBuildFile section */
		04F81E011A4FAB6000076DC5 /* Foundation.framework in Frameworks */ = {isa = PBXBuildFile; fileRef = 04F81E001A4FAB6000076DC5 /* Foundation.framework */; };
		04F81E031A4FAB6000076DC5 /* CoreGraphics.framework in Frameworks */ = {isa = PBXBuildFile; fileRef = 04F81E021A4FAB6000076DC5 /* CoreGraphics.framework */; };
		04F81E051A4FAB6000076DC5 /* UIKit.framework in Frameworks */ = {isa = PBXBuildFile; fileRef = 04F81E041A4FAB6000076DC5 /* UIKit.framework */; };
		04F81E0B1A4FAB6000076DC5 /* InfoPlist.strings in Resources */ = {isa = PBXBuildFile; fileRef = 04F81E091A4FAB6000076DC5 /* InfoPlist.strings */; };
		04F81E0D1A4FAB6000076DC5 /* main.m in Sources */ = {isa = PBXBuildFile; fileRef = 04F81E0C1A4FAB6000076DC5 /* main.m */; };
		04F81E111A4FAB6000076DC5 /* AppDelegate.m in Sources */ = {isa = PBXBuildFile; fileRef = 04F81E101A4FAB6000076DC5 /* AppDelegate.m */; };
		04F81E141A4FAB6000076DC5 /* Main.storyboard in Resources */ = {isa = PBXBuildFile; fileRef = 04F81E121A4FAB6000076DC5 /* Main.storyboard */; };
		04F81E171A4FAB6000076DC5 /* YYPViewController.m in Sources */ = {isa = PBXBuildFile; fileRef = 04F81E161A4FAB6000076DC5 /* YYPViewController.m */; };
		04F81E191A4FAB6000076DC5 /* Images.xcassets in Resources */ = {isa = PBXBuildFile; fileRef = 04F81E181A4FAB6000076DC5 /* Images.xcassets */; };
		04F81E201A4FAB6000076DC5 /* XCTest.framework in Frameworks */ = {isa = PBXBuildFile; fileRef = 04F81E1F1A4FAB6000076DC5 /* XCTest.framework */; };
		04F81E211A4FAB6000076DC5 /* Foundation.framework in Frameworks */ = {isa = PBXBuildFile; fileRef = 04F81E001A4FAB6000076DC5 /* Foundation.framework */; };
		04F81E221A4FAB6000076DC5 /* UIKit.framework in Frameworks */ = {isa = PBXBuildFile; fileRef = 04F81E041A4FAB6000076DC5 /* UIKit.framework */; };
		04F81E2A1A4FAB6000076DC5 /* InfoPlist.strings in Resources */ = {isa = PBXBuildFile; fileRef = 04F81E281A4FAB6000076DC5 /* InfoPlist.strings */; };
		04F81E2C1A4FAB6000076DC5 /* Sina_20141228Tests.m in Sources */ = {isa = PBXBuildFile; fileRef = 04F81E2B1A4FAB6000076DC5 /* Sina_20141228Tests.m */; };
		04F81E421A4FABDE00076DC5 /* 1.jpeg in Resources */ = {isa = PBXBuildFile; fileRef = 04F81E361A4FABDE00076DC5 /* 1.jpeg */; };
		04F81E431A4FABDE00076DC5 /* 1516159990.jpeg in Resources */ = {isa = PBXBuildFile; fileRef = 04F81E371A4FABDE00076DC5 /* 1516159990.jpeg */; };
		04F81E441A4FABDE00076DC5 /* 238221586.jpeg in Resources */ = {isa = PBXBuildFile; fileRef = 04F81E381A4FABDE00076DC5 /* 238221586.jpeg */; };
		04F81E451A4FABDE00076DC5 /* 424324.jpeg in Resources */ = {isa = PBXBuildFile; fileRef = 04F81E391A4FABDE00076DC5 /* 424324.jpeg */; };
		04F81E461A4FABDE00076DC5 /* 50.jpeg in Resources */ = {isa = PBXBuildFile; fileRef = 04F81E3A1A4FABDE00076DC5 /* 50.jpeg */; };
		04F81E471A4FABDE00076DC5 /* 7735164184.jpeg in Resources */ = {isa = PBXBuildFile; fileRef = 04F81E3B1A4FABDE00076DC5 /* 7735164184.jpeg */; };
		04F81E481A4FABDE00076DC5 /* 3461756566.jpeg in Resources */ = {isa = PBXBuildFile; fileRef = 04F81E3D1A4FABDE00076DC5 /* 3461756566.jpeg */; };
		04F81E491A4FABDE00076DC5 /* 4934348604.jpeg in Resources */ = {isa = PBXBuildFile; fileRef = 04F81E3E1A4FABDE00076DC5 /* 4934348604.jpeg */; };
		04F81E4A1A4FABDE00076DC5 /* 603564546.jpeg in Resources */ = {isa = PBXBuildFile; fileRef = 04F81E3F1A4FABDE00076DC5 /* 603564546.jpeg */; };
		04F81E4B1A4FABDE00076DC5 /* 6289891986.jpeg in Resources */ = {isa = PBXBuildFile; fileRef = 04F81E401A4FABDE00076DC5 /* 6289891986.jpeg */; };
		04F81E4C1A4FABDE00076DC5 /* 926680527.jpeg in Resources */ = {isa = PBXBuildFile; fileRef = 04F81E411A4FABDE00076DC5 /* 926680527.jpeg */; };
		04F81E4E1A4FABEA00076DC5 /* statuses.plist in Resources */ = {isa = PBXBuildFile; fileRef = 04F81E4D1A4FABEA00076DC5 /* statuses.plist */; };
		04F81E551A4FAED400076DC5 /* YYPTableViewCell.m in Sources */ = {isa = PBXBuildFile; fileRef = 04F81E541A4FAED400076DC5 /* YYPTableViewCell.m */; };
		04F81E581A4FAF2700076DC5 /* YYPStatus.m in Sources */ = {isa = PBXBuildFile; fileRef = 04F81E571A4FAF2700076DC5 /* YYPStatus.m */; };
		04F81E5B1A4FB25700076DC5 /* YYPStatusFrame.m in Sources */ = {isa = PBXBuildFile; fileRef = 04F81E5A1A4FB25700076DC5 /* YYPStatusFrame.m */; };
/* End PBXBuildFile section */

/* Begin PBXContainerItemProxy section */
		04F81E231A4FAB6000076DC5 /* PBXContainerItemProxy */ = {
			isa = PBXContainerItemProxy;
			containerPortal = 04F81DF51A4FAB5F00076DC5 /* Project object */;
			proxyType = 1;
			remoteGlobalIDString = 04F81DFC1A4FAB5F00076DC5;
			remoteInfo = "Sina-20141228";
		};
/* End PBXContainerItemProxy section */

/* Begin PBXFileReference section */
		04F81DFD1A4FAB6000076DC5 /* Sina-20141228.app */ = {isa = PBXFileReference; explicitFileType = wrapper.application; includeInIndex = 0; path = "Sina-20141228.app"; sourceTree = BUILT_PRODUCTS_DIR; };
		04F81E001A4FAB6000076DC5 /* Foundation.framework */ = {isa = PBXFileReference; lastKnownFileType = wrapper.framework; name = Foundation.framework; path = System/Library/Frameworks/Foundation.framework; sourceTree = SDKROOT; };
		04F81E021A4FAB6000076DC5 /* CoreGraphics.framework */ = {isa = PBXFileReference; lastKnownFileType = wrapper.framework; name = CoreGraphics.framework; path = System/Library/Frameworks/CoreGraphics.framework; sourceTree = SDKROOT; };
		04F81E041A4FAB6000076DC5 /* UIKit.framework */ = {isa = PBXFileReference; lastKnownFileType = wrapper.framework; name = UIKit.framework; path = System/Library/Frameworks/UIKit.framework; sourceTree = SDKROOT; };
		04F81E081A4FAB6000076DC5 /* Sina-20141228-Info.plist */ = {isa = PBXFileReference; lastKnownFileType = text.plist.xml; path = "Sina-20141228-Info.plist"; sourceTree = "<group>"; };
		04F81E0A1A4FAB6000076DC5 /* en */ = {isa = PBXFileReference; lastKnownFileType = text.plist.strings; name = en; path = en.lproj/InfoPlist.strings; sourceTree = "<group>"; };
		04F81E0C1A4FAB6000076DC5 /* main.m */ = {isa = PBXFileReference; lastKnownFileType = sourcecode.c.objc; path = main.m; sourceTree = "<group>"; };
		04F81E0E1A4FAB6000076DC5 /* Sina-20141228-Prefix.pch */ = {isa = PBXFileReference; lastKnownFileType = sourcecode.c.h; path = "Sina-20141228-Prefix.pch"; sourceTree = "<group>"; };
		04F81E0F1A4FAB6000076DC5 /* AppDelegate.h */ = {isa = PBXFileReference; lastKnownFileType = sourcecode.c.h; path = AppDelegate.h; sourceTree = "<group>"; };
		04F81E101A4FAB6000076DC5 /* AppDelegate.m */ = {isa = PBXFileReference; lastKnownFileType = sourcecode.c.objc; path = AppDelegate.m; sourceTree = "<group>"; };
		04F81E131A4FAB6000076DC5 /* Base */ = {isa = PBXFileReference; lastKnownFileType = file.storyboard; name = Base; path = Base.lproj/Main.storyboard; sourceTree = "<group>"; };
		04F81E151A4FAB6000076DC5 /* YYPViewController.h */ = {isa = PBXFileReference; lastKnownFileType = sourcecode.c.h; name = YYPViewController.h; path = "Sina-20141228/YYPViewController.h"; sourceTree = "<group>"; };
		04F81E161A4FAB6000076DC5 /* YYPViewController.m */ = {isa = PBXFileReference; lastKnownFileType = sourcecode.c.objc; name = YYPViewController.m; path = "Sina-20141228/YYPViewController.m"; sourceTree = "<group>"; };
		04F81E181A4FAB6000076DC5 /* Images.xcassets */ = {isa = PBXFileReference; lastKnownFileType = folder.assetcatalog; path = Images.xcassets; sourceTree = "<group>"; };
		04F81E1E1A4FAB6000076DC5 /* Sina-20141228Tests.xctest */ = {isa = PBXFileReference; explicitFileType = wrapper.cfbundle; includeInIndex = 0; path = "Sina-20141228Tests.xctest"; sourceTree = BUILT_PRODUCTS_DIR; };
		04F81E1F1A4FAB6000076DC5 /* XCTest.framework */ = {isa = PBXFileReference; lastKnownFileType = wrapper.framework; name = XCTest.framework; path = Library/Frameworks/XCTest.framework; sourceTree = DEVELOPER_DIR; };
		04F81E271A4FAB6000076DC5 /* Sina-20141228Tests-Info.plist */ = {isa = PBXFileReference; lastKnownFileType = text.plist.xml; path = "Sina-20141228Tests-Info.plist"; sourceTree = "<group>"; };
		04F81E291A4FAB6000076DC5 /* en */ = {isa = PBXFileReference; lastKnownFileType = text.plist.strings; name = en; path = en.lproj/InfoPlist.strings; sourceTree = "<group>"; };
		04F81E2B1A4FAB6000076DC5 /* Sina_20141228Tests.m */ = {isa = PBXFileReference; lastKnownFileType = sourcecode.c.objc; path = Sina_20141228Tests.m; sourceTree = "<group>"; };
		04F81E361A4FABDE00076DC5 /* 1.jpeg */ = {isa = PBXFileReference; lastKnownFileType = image.jpeg; path = 1.jpeg; sourceTree = "<group>"; };
		04F81E371A4FABDE00076DC5 /* 1516159990.jpeg */ = {isa = PBXFileReference; lastKnownFileType = image.jpeg; path = 1516159990.jpeg; sourceTree = "<group>"; };
		04F81E381A4FABDE00076DC5 /* 238221586.jpeg */ = {isa = PBXFileReference; lastKnownFileType = image.jpeg; path = 238221586.jpeg; sourceTree = "<group>"; };
		04F81E391A4FABDE00076DC5 /* 424324.jpeg */ = {isa = PBXFileReference; lastKnownFileType = image.jpeg; path = 424324.jpeg; sourceTree = "<group>"; };
		04F81E3A1A4FABDE00076DC5 /* 50.jpeg */ = {isa = PBXFileReference; lastKnownFileType = image.jpeg; path = 50.jpeg; sourceTree = "<group>"; };
		04F81E3B1A4FABDE00076DC5 /* 7735164184.jpeg */ = {isa = PBXFileReference; lastKnownFileType = image.jpeg; path = 7735164184.jpeg; sourceTree = "<group>"; };
		04F81E3D1A4FABDE00076DC5 /* 3461756566.jpeg */ = {isa = PBXFileReference; lastKnownFileType = image.jpeg; path = 3461756566.jpeg; sourceTree = "<group>"; };
		04F81E3E1A4FABDE00076DC5 /* 4934348604.jpeg */ = {isa = PBXFileReference; lastKnownFileType = image.jpeg; path = 4934348604.jpeg; sourceTree = "<group>"; };
		04F81E3F1A4FABDE00076DC5 /* 603564546.jpeg */ = {isa = PBXFileReference; lastKnownFileType = image.jpeg; path = 603564546.jpeg; sourceTree = "<group>"; };
		04F81E401A4FABDE00076DC5 /* 6289891986.jpeg */ = {isa = PBXFileReference; lastKnownFileType = image.jpeg; path = 6289891986.jpeg; sourceTree = "<group>"; };
		04F81E411A4FABDE00076DC5 /* 926680527.jpeg */ = {isa = PBXFileReference; lastKnownFileType = image.jpeg; path = 926680527.jpeg; sourceTree = "<group>"; };
		04F81E4D1A4FABEA00076DC5 /* statuses.plist */ = {isa = PBXFileReference; fileEncoding = 4; lastKnownFileType = text.plist.xml; name = statuses.plist; path = "../../../../Study/BaiduYunDownload/2014年就业班/就业班/0401/代码/04-微博/04-微博/statuses.plist"; sourceTree = "<group>"; };
		04F81E531A4FAED400076DC5 /* YYPTableViewCell.h */ = {isa = PBXFileReference; fileEncoding = 4; lastKnownFileType = sourcecode.c.h; path = YYPTableViewCell.h; sourceTree = "<group>"; };
		04F81E541A4FAED400076DC5 /* YYPTableViewCell.m */ = {isa = PBXFileReference; fileEncoding = 4; lastKnownFileType = sourcecode.c.objc; path = YYPTableViewCell.m; sourceTree = "<group>"; };
		04F81E561A4FAF2700076DC5 /* YYPStatus.h */ = {isa = PBXFileReference; fileEncoding = 4; lastKnownFileType = sourcecode.c.h; path = YYPStatus.h; sourceTree = "<group>"; };
		04F81E571A4FAF2700076DC5 /* YYPStatus.m */ = {isa = PBXFileReference; fileEncoding = 4; lastKnownFileType = sourcecode.c.objc; path = YYPStatus.m; sourceTree = "<group>"; };
		04F81E591A4FB25700076DC5 /* YYPStatusFrame.h */ = {isa = PBXFileReference; fileEncoding = 4; lastKnownFileType = sourcecode.c.h; path = YYPStatusFrame.h; sourceTree = "<group>"; };
		04F81E5A1A4FB25700076DC5 /* YYPStatusFrame.m */ = {isa = PBXFileReference; fileEncoding = 4; lastKnownFileType = sourcecode.c.objc; path = YYPStatusFrame.m; sourceTree = "<group>"; };
/* End PBXFileReference section */

/* Begin PBXFrameworksBuildPhase section */
		04F81DFA1A4FAB5F00076DC5 /* Frameworks */ = {
			isa = PBXFrameworksBuildPhase;
			buildActionMask = 2147483647;
			files = (
				04F81E031A4FAB6000076DC5 /* CoreGraphics.framework in Frameworks */,
				04F81E051A4FAB6000076DC5 /* UIKit.framework in Frameworks */,
				04F81E011A4FAB6000076DC5 /* Foundation.framework in Frameworks */,
			);
			runOnlyForDeploymentPostprocessing = 0;
		};
		04F81E1B1A4FAB6000076DC5 /* Frameworks */ = {
			isa = PBXFrameworksBuildPhase;
			buildActionMask = 2147483647;
			files = (
				04F81E201A4FAB6000076DC5 /* XCTest.framework in Frameworks */,
				04F81E221A4FAB6000076DC5 /* UIKit.framework in Frameworks */,
				04F81E211A4FAB6000076DC5 /* Foundation.framework in Frameworks */,
			);
			runOnlyForDeploymentPostprocessing = 0;
		};
/* End PBXFrameworksBuildPhase section */

/* Begin PBXGroup section */
		04F81DF41A4FAB5F00076DC5 = {
			isa = PBXGroup;
			children = (
				04F81E061A4FAB6000076DC5 /* Sina-20141228 */,
				04F81E251A4FAB6000076DC5 /* Sina-20141228Tests */,
				04F81DFF1A4FAB6000076DC5 /* Frameworks */,
				04F81DFE1A4FAB6000076DC5 /* Products */,
			);
			sourceTree = "<group>";
		};
		04F81DFE1A4FAB6000076DC5 /* Products */ = {
			isa = PBXGroup;
			children = (
				04F81DFD1A4FAB6000076DC5 /* Sina-20141228.app */,
				04F81E1E1A4FAB6000076DC5 /* Sina-20141228Tests.xctest */,
			);
			name = Products;
			sourceTree = "<group>";
		};
		04F81DFF1A4FAB6000076DC5 /* Frameworks */ = {
			isa = PBXGroup;
			children = (
				04F81E001A4FAB6000076DC5 /* Foundation.framework */,
				04F81E021A4FAB6000076DC5 /* CoreGraphics.framework */,
				04F81E041A4FAB6000076DC5 /* UIKit.framework */,
				04F81E1F1A4FAB6000076DC5 /* XCTest.framework */,
			);
			name = Frameworks;
			sourceTree = "<group>";
		};
		04F81E061A4FAB6000076DC5 /* Sina-20141228 */ = {
			isa = PBXGroup;
			children = (
				04F81E521A4FAC6600076DC5 /* Other */,
				04F81E511A4FAC2D00076DC5 /* Model */,
				04F81E501A4FAC2200076DC5 /* View */,
				04F81E4F1A4FAC0900076DC5 /* Controller */,
			);
			path = "Sina-20141228";
			sourceTree = "<group>";
		};
		04F81E071A4FAB6000076DC5 /* Supporting Files */ = {
			isa = PBXGroup;
			children = (
				04F81E121A4FAB6000076DC5 /* Main.storyboard */,
				04F81E351A4FABDE00076DC5 /* icon */,
				04F81E181A4FAB6000076DC5 /* Images.xcassets */,
				04F81E4D1A4FABEA00076DC5 /* statuses.plist */,
				04F81E3C1A4FABDE00076DC5 /* image */,
				04F81E081A4FAB6000076DC5 /* Sina-20141228-Info.plist */,
				04F81E091A4FAB6000076DC5 /* InfoPlist.strings */,
				04F81E0C1A4FAB6000076DC5 /* main.m */,
				04F81E0E1A4FAB6000076DC5 /* Sina-20141228-Prefix.pch */,
			);
			name = "Supporting Files";
			path = "Sina-20141228";
			sourceTree = "<group>";
		};
		04F81E251A4FAB6000076DC5 /* Sina-20141228Tests */ = {
			isa = PBXGroup;
			children = (
				04F81E2B1A4FAB6000076DC5 /* Sina_20141228Tests.m */,
				04F81E261A4FAB6000076DC5 /* Supporting Files */,
			);
			path = "Sina-20141228Tests";
			sourceTree = "<group>";
		};
		04F81E261A4FAB6000076DC5 /* Supporting Files */ = {
			isa = PBXGroup;
			children = (
				04F81E271A4FAB6000076DC5 /* Sina-20141228Tests-Info.plist */,
				04F81E281A4FAB6000076DC5 /* InfoPlist.strings */,
			);
			name = "Supporting Files";
			sourceTree = "<group>";
		};
		04F81E351A4FABDE00076DC5 /* icon */ = {
			isa = PBXGroup;
			children = (
				04F81E361A4FABDE00076DC5 /* 1.jpeg */,
				04F81E371A4FABDE00076DC5 /* 1516159990.jpeg */,
				04F81E381A4FABDE00076DC5 /* 238221586.jpeg */,
				04F81E391A4FABDE00076DC5 /* 424324.jpeg */,
				04F81E3A1A4FABDE00076DC5 /* 50.jpeg */,
				04F81E3B1A4FABDE00076DC5 /* 7735164184.jpeg */,
			);
			name = icon;
			path = "../../../../Study/BaiduYunDownload/2014年就业班/就业班/0401/代码/04-微博/04-微博/icon";
			sourceTree = "<group>";
		};
		04F81E3C1A4FABDE00076DC5 /* image */ = {
			isa = PBXGroup;
			children = (
				04F81E3D1A4FABDE00076DC5 /* 3461756566.jpeg */,
				04F81E3E1A4FABDE00076DC5 /* 4934348604.jpeg */,
				04F81E3F1A4FABDE00076DC5 /* 603564546.jpeg */,
				04F81E401A4FABDE00076DC5 /* 6289891986.jpeg */,
				04F81E411A4FABDE00076DC5 /* 926680527.jpeg */,
			);
			name = image;
			path = "../../../../Study/BaiduYunDownload/2014年就业班/就业班/0401/代码/04-微博/04-微博/image";
			sourceTree = "<group>";
		};
		04F81E4F1A4FAC0900076DC5 /* Controller */ = {
			isa = PBXGroup;
			children = (
				04F81E151A4FAB6000076DC5 /* YYPViewController.h */,
				04F81E161A4FAB6000076DC5 /* YYPViewController.m */,
				04F81E071A4FAB6000076DC5 /* Supporting Files */,
			);
			name = Controller;
			path = ..;
			sourceTree = "<group>";
		};
		04F81E501A4FAC2200076DC5 /* View */ = {
			isa = PBXGroup;
			children = (
				04F81E531A4FAED400076DC5 /* YYPTableViewCell.h */,
				04F81E541A4FAED400076DC5 /* YYPTableViewCell.m */,
			);
			name = View;
			sourceTree = "<group>";
		};
		04F81E511A4FAC2D00076DC5 /* Model */ = {
			isa = PBXGroup;
			children = (
				04F81E561A4FAF2700076DC5 /* YYPStatus.h */,
				04F81E571A4FAF2700076DC5 /* YYPStatus.m */,
				04F81E591A4FB25700076DC5 /* YYPStatusFrame.h */,
				04F81E5A1A4FB25700076DC5 /* YYPStatusFrame.m */,
			);
			name = Model;
			sourceTree = "<group>";
		};
		04F81E521A4FAC6600076DC5 /* Other */ = {
			isa = PBXGroup;
			children = (
				04F81E0F1A4FAB6000076DC5 /* AppDelegate.h */,
				04F81E101A4FAB6000076DC5 /* AppDelegate.m */,
			);
			name = Other;
			sourceTree = "<group>";
		};
/* End PBXGroup section */

/* Begin PBXNativeTarget section */
		04F81DFC1A4FAB5F00076DC5 /* Sina-20141228 */ = {
			isa = PBXNativeTarget;
			buildConfigurationList = 04F81E2F1A4FAB6000076DC5 /* Build configuration list for PBXNativeTarget "Sina-20141228" */;
			buildPhases = (
				04F81DF91A4FAB5F00076DC5 /* Sources */,
				04F81DFA1A4FAB5F00076DC5 /* Frameworks */,
				04F81DFB1A4FAB5F00076DC5 /* Resources */,
			);
			buildRules = (
			);
			dependencies = (
			);
			name = "Sina-20141228";
			productName = "Sina-20141228";
			productReference = 04F81DFD1A4FAB6000076DC5 /* Sina-20141228.app */;
			productType = "com.apple.product-type.application";
		};
		04F81E1D1A4FAB6000076DC5 /* Sina-20141228Tests */ = {
			isa = PBXNativeTarget;
			buildConfigurationList = 04F81E321A4FAB6000076DC5 /* Build configuration list for PBXNativeTarget "Sina-20141228Tests" */;
			buildPhases = (
				04F81E1A1A4FAB6000076DC5 /* Sources */,
				04F81E1B1A4FAB6000076DC5 /* Frameworks */,
				04F81E1C1A4FAB6000076DC5 /* Resources */,
			);
			buildRules = (
			);
			dependencies = (
				04F81E241A4FAB6000076DC5 /* PBXTargetDependency */,
			);
			name = "Sina-20141228Tests";
			productName = "Sina-20141228Tests";
			productReference = 04F81E1E1A4FAB6000076DC5 /* Sina-20141228Tests.xctest */;
			productType = "com.apple.product-type.bundle.unit-test";
		};
/* End PBXNativeTarget section */

/* Begin PBXProject section */
		04F81DF51A4FAB5F00076DC5 /* Project object */ = {
			isa = PBXProject;
			attributes = {
				LastUpgradeCheck = 0510;
				ORGANIZATIONNAME = yyp;
				TargetAttributes = {
					04F81E1D1A4FAB6000076DC5 = {
						TestTargetID = 04F81DFC1A4FAB5F00076DC5;
					};
				};
			};
			buildConfigurationList = 04F81DF81A4FAB5F00076DC5 /* Build configuration list for PBXProject "Sina-20141228" */;
			compatibilityVersion = "Xcode 3.2";
			developmentRegion = English;
			hasScannedForEncodings = 0;
			knownRegions = (
				en,
				Base,
			);
			mainGroup = 04F81DF41A4FAB5F00076DC5;
			productRefGroup = 04F81DFE1A4FAB6000076DC5 /* Products */;
			projectDirPath = "";
			projectRoot = "";
			targets = (
				04F81DFC1A4FAB5F00076DC5 /* Sina-20141228 */,
				04F81E1D1A4FAB6000076DC5 /* Sina-20141228Tests */,
			);
		};
/* End PBXProject section */

/* Begin PBXResourcesBuildPhase section */
		04F81DFB1A4FAB5F00076DC5 /* Resources */ = {
			isa = PBXResourcesBuildPhase;
			buildActionMask = 2147483647;
			files = (
				04F81E461A4FABDE00076DC5 /* 50.jpeg in Resources */,
				04F81E451A4FABDE00076DC5 /* 424324.jpeg in Resources */,
				04F81E4E1A4FABEA00076DC5 /* statuses.plist in Resources */,
				04F81E491A4FABDE00076DC5 /* 4934348604.jpeg in Resources */,
				04F81E4B1A4FABDE00076DC5 /* 6289891986.jpeg in Resources */,
				04F81E191A4FAB6000076DC5 /* Images.xcassets in Resources */,
				04F81E4C1A4FABDE00076DC5 /* 926680527.jpeg in Resources */,
				04F81E441A4FABDE00076DC5 /* 238221586.jpeg in Resources */,
				04F81E0B1A4FAB6000076DC5 /* InfoPlist.strings in Resources */,
				04F81E471A4FABDE00076DC5 /* 7735164184.jpeg in Resources */,
				04F81E481A4FABDE00076DC5 /* 3461756566.jpeg in Resources */,
				04F81E141A4FAB6000076DC5 /* Main.storyboard in Resources */,
				04F81E4A1A4FABDE00076DC5 /* 603564546.jpeg in Resources */,
				04F81E431A4FABDE00076DC5 /* 1516159990.jpeg in Resources */,
				04F81E421A4FABDE00076DC5 /* 1.jpeg in Resources */,
			);
			runOnlyForDeploymentPostprocessing = 0;
		};
		04F81E1C1A4FAB6000076DC5 /* Resources */ = {
			isa = PBXResourcesBuildPhase;
			buildActionMask = 2147483647;
			files = (
				04F81E2A1A4FAB6000076DC5 /* InfoPlist.strings in Resources */,
			);
			runOnlyForDeploymentPostprocessing = 0;
		};
/* End PBXResourcesBuildPhase section */

/* Begin PBXSourcesBuildPhase section */
		04F81DF91A4FAB5F00076DC5 /* Sources */ = {
			isa = PBXSourcesBuildPhase;
			buildActionMask = 2147483647;
			files = (
				04F81E5B1A4FB25700076DC5 /* YYPStatusFrame.m in Sources */,
				04F81E171A4FAB6000076DC5 /* YYPViewController.m in Sources */,
				04F81E111A4FAB6000076DC5 /* AppDelegate.m in Sources */,
				04F81E551A4FAED400076DC5 /* YYPTableViewCell.m in Sources */,
				04F81E581A4FAF2700076DC5 /* YYPStatus.m in Sources */,
				04F81E0D1A4FAB6000076DC5 /* main.m in Sources */,
			);
			runOnlyForDeploymentPostprocessing = 0;
		};
		04F81E1A1A4FAB6000076DC5 /* Sources */ = {
			isa = PBXSourcesBuildPhase;
			buildActionMask = 2147483647;
			files = (
				04F81E2C1A4FAB6000076DC5 /* Sina_20141228Tests.m in Sources */,
			);
			runOnlyForDeploymentPostprocessing = 0;
		};
/* End PBXSourcesBuildPhase section */

/* Begin PBXTargetDependency section */
		04F81E241A4FAB6000076DC5 /* PBXTargetDependency */ = {
			isa = PBXTargetDependency;
			target = 04F81DFC1A4FAB5F00076DC5 /* Sina-20141228 */;
			targetProxy = 04F81E231A4FAB6000076DC5 /* PBXContainerItemProxy */;
		};
/* End PBXTargetDependency section */

/* Begin PBXVariantGroup section */
		04F81E091A4FAB6000076DC5 /* InfoPlist.strings */ = {
			isa = PBXVariantGroup;
			children = (
				04F81E0A1A4FAB6000076DC5 /* en */,
			);
			name = InfoPlist.strings;
			sourceTree = "<group>";
		};
		04F81E121A4FAB6000076DC5 /* Main.storyboard */ = {
			isa = PBXVariantGroup;
			children = (
				04F81E131A4FAB6000076DC5 /* Base */,
			);
			name = Main.storyboard;
			sourceTree = "<group>";
		};
		04F81E281A4FAB6000076DC5 /* InfoPlist.strings */ = {
			isa = PBXVariantGroup;
			children = (
				04F81E291A4FAB6000076DC5 /* en */,
			);
			name = InfoPlist.strings;
			sourceTree = "<group>";
		};
/* End PBXVariantGroup section */

/* Begin XCBuildConfiguration section */
		04F81E2D1A4FAB6000076DC5 /* Debug */ = {
			isa = XCBuildConfiguration;
			buildSettings = {
				ALWAYS_SEARCH_USER_PATHS = NO;
				CLANG_CXX_LANGUAGE_STANDARD = "gnu++0x";
				CLANG_CXX_LIBRARY = "libc++";
				CLANG_ENABLE_MODULES = YES;
				CLANG_ENABLE_OBJC_ARC = YES;
				CLANG_WARN_BOOL_CONVERSION = YES;
				CLANG_WARN_CONSTANT_CONVERSION = YES;
				CLANG_WARN_DIRECT_OBJC_ISA_USAGE = YES_ERROR;
				CLANG_WARN_EMPTY_BODY = YES;
				CLANG_WARN_ENUM_CONVERSION = YES;
				CLANG_WARN_INT_CONVERSION = YES;
				CLANG_WARN_OBJC_ROOT_CLASS = YES_ERROR;
				CLANG_WARN__DUPLICATE_METHOD_MATCH = YES;
				"CODE_SIGN_IDENTITY[sdk=iphoneos*]" = "iPhone Developer";
				COPY_PHASE_STRIP = NO;
				GCC_C_LANGUAGE_STANDARD = gnu99;
				GCC_DYNAMIC_NO_PIC = NO;
				GCC_OPTIMIZATION_LEVEL = 0;
				GCC_PREPROCESSOR_DEFINITIONS = (
					"DEBUG=1",
					"$(inherited)",
				);
				GCC_SYMBOLS_PRIVATE_EXTERN = NO;
				GCC_WARN_64_TO_32_BIT_CONVERSION = YES;
				GCC_WARN_ABOUT_RETURN_TYPE = YES_ERROR;
				GCC_WARN_UNDECLARED_SELECTOR = YES;
				GCC_WARN_UNINITIALIZED_AUTOS = YES_AGGRESSIVE;
				GCC_WARN_UNUSED_FUNCTION = YES;
				GCC_WARN_UNUSED_VARIABLE = YES;
				IPHONEOS_DEPLOYMENT_TARGET = 7.1;
				ONLY_ACTIVE_ARCH = YES;
				SDKROOT = iphoneos;
			};
			name = Debug;
		};
		04F81E2E1A4FAB6000076DC5 /* Release */ = {
			isa = XCBuildConfiguration;
			buildSettings = {
				ALWAYS_SEARCH_USER_PATHS = NO;
				CLANG_CXX_LANGUAGE_STANDARD = "gnu++0x";
				CLANG_CXX_LIBRARY = "libc++";
				CLANG_ENABLE_MODULES = YES;
				CLANG_ENABLE_OBJC_ARC = YES;
				CLANG_WARN_BOOL_CONVERSION = YES;
				CLANG_WARN_CONSTANT_CONVERSION = YES;
				CLANG_WARN_DIRECT_OBJC_ISA_USAGE = YES_ERROR;
				CLANG_WARN_EMPTY_BODY = YES;
				CLANG_WARN_ENUM_CONVERSION = YES;
				CLANG_WARN_INT_CONVERSION = YES;
				CLANG_WARN_OBJC_ROOT_CLASS = YES_ERROR;
				CLANG_WARN__DUPLICATE_METHOD_MATCH = YES;
				"CODE_SIGN_IDENTITY[sdk=iphoneos*]" = "iPhone Developer";
				COPY_PHASE_STRIP = YES;
				ENABLE_NS_ASSERTIONS = NO;
				GCC_C_LANGUAGE_STANDARD = gnu99;
				GCC_WARN_64_TO_32_BIT_CONVERSION = YES;
				GCC_WARN_ABOUT_RETURN_TYPE = YES_ERROR;
				GCC_WARN_UNDECLARED_SELECTOR = YES;
				GCC_WARN_UNINITIALIZED_AUTOS = YES_AGGRESSIVE;
				GCC_WARN_UNUSED_FUNCTION = YES;
				GCC_WARN_UNUSED_VARIABLE = YES;
				IPHONEOS_DEPLOYMENT_TARGET = 7.1;
				SDKROOT = iphoneos;
				VALIDATE_PRODUCT = YES;
			};
			name = Release;
		};
		04F81E301A4FAB6000076DC5 /* Debug */ = {
			isa = XCBuildConfiguration;
			buildSettings = {
				ASSETCATALOG_COMPILER_APPICON_NAME = AppIcon;
				ASSETCATALOG_COMPILER_LAUNCHIMAGE_NAME = LaunchImage;
				GCC_PRECOMPILE_PREFIX_HEADER = YES;
				GCC_PREFIX_HEADER = "Sina-20141228/Sina-20141228-Prefix.pch";
				INFOPLIST_FILE = "Sina-20141228/Sina-20141228-Info.plist";
				PRODUCT_NAME = "$(TARGET_NAME)";
				WRAPPER_EXTENSION = app;
			};
			name = Debug;
		};
		04F81E311A4FAB6000076DC5 /* Release */ = {
			isa = XCBuildConfiguration;
			buildSettings = {
				ASSETCATALOG_COMPILER_APPICON_NAME = AppIcon;
				ASSETCATALOG_COMPILER_LAUNCHIMAGE_NAME = LaunchImage;
				GCC_PRECOMPILE_PREFIX_HEADER = YES;
				GCC_PREFIX_HEADER = "Sina-20141228/Sina-20141228-Prefix.pch";
				INFOPLIST_FILE = "Sina-20141228/Sina-20141228-Info.plist";
				PRODUCT_NAME = "$(TARGET_NAME)";
				WRAPPER_EXTENSION = app;
			};
			name = Release;
		};
		04F81E331A4FAB6000076DC5 /* Debug */ = {
			isa = XCBuildConfiguration;
			buildSettings = {
				BUNDLE_LOADER = "$(BUILT_PRODUCTS_DIR)/Sina-20141228.app/Sina-20141228";
				FRAMEWORK_SEARCH_PATHS = (
					"$(SDKROOT)/Developer/Library/Frameworks",
					"$(inherited)",
					"$(DEVELOPER_FRAMEWORKS_DIR)",
				);
				GCC_PRECOMPILE_PREFIX_HEADER = YES;
				GCC_PREFIX_HEADER = "Sina-20141228/Sina-20141228-Prefix.pch";
				GCC_PREPROCESSOR_DEFINITIONS = (
					"DEBUG=1",
					"$(inherited)",
				);
				INFOPLIST_FILE = "Sina-20141228Tests/Sina-20141228Tests-Info.plist";
				PRODUCT_NAME = "$(TARGET_NAME)";
				TEST_HOST = "$(BUNDLE_LOADER)";
				WRAPPER_EXTENSION = xctest;
			};
			name = Debug;
		};
		04F81E341A4FAB6000076DC5 /* Release */ = {
			isa = XCBuildConfiguration;
			buildSettings = {
				BUNDLE_LOADER = "$(BUILT_PRODUCTS_DIR)/Sina-20141228.app/Sina-20141228";
				FRAMEWORK_SEARCH_PATHS = (
					"$(SDKROOT)/Developer/Library/Frameworks",
					"$(inherited)",
					"$(DEVELOPER_FRAMEWORKS_DIR)",
				);
				GCC_PRECOMPILE_PREFIX_HEADER = YES;
				GCC_PREFIX_HEADER = "Sina-20141228/Sina-20141228-Prefix.pch";
				INFOPLIST_FILE = "Sina-20141228Tests/Sina-20141228Tests-Info.plist";
				PRODUCT_NAME = "$(TARGET_NAME)";
				TEST_HOST = "$(BUNDLE_LOADER)";
				WRAPPER_EXTENSION = xctest;
			};
			name = Release;
		};
/* End XCBuildConfiguration section */

/* Begin XCConfigurationList section */
		04F81DF81A4FAB5F00076DC5 /* Build configuration list for PBXProject "Sina-20141228" */ = {
			isa = XCConfigurationList;
			buildConfigurations = (
				04F81E2D1A4FAB6000076DC5 /* Debug */,
				04F81E2E1A4FAB6000076DC5 /* Release */,
			);
			defaultConfigurationIsVisible = 0;
			defaultConfigurationName = Release;
		};
		04F81E2F1A4FAB6000076DC5 /* Build configuration list for PBXNativeTarget "Sina-20141228" */ = {
			isa = XCConfigurationList;
			buildConfigurations = (
				04F81E301A4FAB6000076DC5 /* Debug */,
				04F81E311A4FAB6000076DC5 /* Release */,
			);
			defaultConfigurationIsVisible = 0;
		};
		04F81E321A4FAB6000076DC5 /* Build configuration list for PBXNativeTarget "Sina-20141228Tests" */ = {
			isa = XCConfigurationList;
			buildConfigurations = (
				04F81E331A4FAB6000076DC5 /* Debug */,
				04F81E341A4FAB6000076DC5 /* Release */,
			);
			defaultConfigurationIsVisible = 0;
		};
/* End XCConfigurationList section */
	};
	rootObject = 04F81DF51A4FAB5F00076DC5 /* Project object */;
}
